// !$*UTF8*$!
{
	archiveVersion = 1;
	classes = {
	};
	objectVersion = 50;
	objects = {

/* Begin PBXBuildFile section */
		4E3C6FB72764985E00BFE4F8 /* mindspore-lite.framework in Frameworks */ = {isa = PBXBuildFile; fileRef = 4E3C6FB62764985E00BFE4F8 /* mindspore-lite.framework */; };
		4E3C6FBB2764989900BFE4F8 /* test_model.ms.bin in Resources */ = {isa = PBXBuildFile; fileRef = 4E3C6FB82764989900BFE4F8 /* test_model.ms.bin */; };
		4E3C6FBC2764989900BFE4F8 /* test_model.ms.out in Resources */ = {isa = PBXBuildFile; fileRef = 4E3C6FB92764989900BFE4F8 /* test_model.ms.out */; };
		4E3C6FBD2764989900BFE4F8 /* test_model.ms in Resources */ = {isa = PBXBuildFile; fileRef = 4E3C6FBA2764989900BFE4F8 /* test_model.ms */; };
		4E492F322605D4DC003AA9B6 /* SceneDelegate.m in Sources */ = {isa = PBXBuildFile; fileRef = 4E492F312605D4DC003AA9B6 /* SceneDelegate.m */; };
		4E492F352605D4DC003AA9B6 /* ViewController.m in Sources */ = {isa = PBXBuildFile; fileRef = 4E492F342605D4DC003AA9B6 /* ViewController.m */; };
		4E492F382605D4DC003AA9B6 /* Main.storyboard in Resources */ = {isa = PBXBuildFile; fileRef = 4E492F362605D4DC003AA9B6 /* Main.storyboard */; };
		4E492F3A2605D4DE003AA9B6 /* Assets.xcassets in Resources */ = {isa = PBXBuildFile; fileRef = 4E492F392605D4DE003AA9B6 /* Assets.xcassets */; };
		4E492F3D2605D4DE003AA9B6 /* LaunchScreen.storyboard in Resources */ = {isa = PBXBuildFile; fileRef = 4E492F3B2605D4DE003AA9B6 /* LaunchScreen.storyboard */; };
		4E492F402605D4DE003AA9B6 /* main.m in Sources */ = {isa = PBXBuildFile; fileRef = 4E492F3F2605D4DE003AA9B6 /* main.m */; };
		4E492F4B2605D58F003AA9B6 /* AppDelegate.mm in Sources */ = {isa = PBXBuildFile; fileRef = 4E492F472605D58F003AA9B6 /* AppDelegate.mm */; };
		4E8D9A972612F60B00C7FBC1 /* Benchmark.cpp in Sources */ = {isa = PBXBuildFile; fileRef = 4E492F482605D58F003AA9B6 /* Benchmark.cpp */; };
/* End PBXBuildFile section */

/* Begin PBXBuildRule section */
		4ED51573262D21EA00CC8DA0 /* PBXBuildRule */ = {
			isa = PBXBuildRule;
			compilerSpec = com.apple.compilers.proxy.script;
			fileType = sourcecode.metal;
			inputFiles = (
			);
			isEditable = 1;
			outputFiles = (
			);
			script = "# metal\n";
		};
/* End PBXBuildRule section */

/* Begin PBXFileReference section */
		4E3C6FB62764985E00BFE4F8 /* mindspore-lite.framework */ = {isa = PBXFileReference; lastKnownFileType = wrapper.framework; path = "mindspore-lite.framework"; sourceTree = "<group>"; };
		4E3C6FB82764989900BFE4F8 /* test_model.ms.bin */ = {isa = PBXFileReference; lastKnownFileType = archive.macbinary; name = test_model.ms.bin; path = ../model/test_model.ms.bin; sourceTree = "<group>"; };
		4E3C6FB92764989900BFE4F8 /* test_model.ms.out */ = {isa = PBXFileReference; fileEncoding = 4; lastKnownFileType = text; name = test_model.ms.out; path = ../model/test_model.ms.out; sourceTree = "<group>"; };
		4E3C6FBA2764989900BFE4F8 /* test_model.ms */ = {isa = PBXFileReference; lastKnownFileType = file; name = test_model.ms; path = ../model/test_model.ms; sourceTree = "<group>"; };
		4E492F2A2605D4DC003AA9B6 /* mindspore-lite.app */ = {isa = PBXFileReference; explicitFileType = wrapper.application; includeInIndex = 0; path = "mindspore-lite.app"; sourceTree = BUILT_PRODUCTS_DIR; };
		4E492F2D2605D4DC003AA9B6 /* AppDelegate.h */ = {isa = PBXFileReference; lastKnownFileType = sourcecode.c.h; path = AppDelegate.h; sourceTree = "<group>"; };
		4E492F302605D4DC003AA9B6 /* SceneDelegate.h */ = {isa = PBXFileReference; lastKnownFileType = sourcecode.c.h; path = SceneDelegate.h; sourceTree = "<group>"; };
		4E492F312605D4DC003AA9B6 /* SceneDelegate.m */ = {isa = PBXFileReference; lastKnownFileType = sourcecode.c.objc; path = SceneDelegate.m; sourceTree = "<group>"; };
		4E492F332605D4DC003AA9B6 /* ViewController.h */ = {isa = PBXFileReference; lastKnownFileType = sourcecode.c.h; path = ViewController.h; sourceTree = "<group>"; };
		4E492F342605D4DC003AA9B6 /* ViewController.m */ = {isa = PBXFileReference; lastKnownFileType = sourcecode.c.objc; path = ViewController.m; sourceTree = "<group>"; };
		4E492F372605D4DC003AA9B6 /* Base */ = {isa = PBXFileReference; lastKnownFileType = file.storyboard; name = Base; path = Base.lproj/Main.storyboard; sourceTree = "<group>"; };
		4E492F392605D4DE003AA9B6 /* Assets.xcassets */ = {isa = PBXFileReference; lastKnownFileType = folder.assetcatalog; path = Assets.xcassets; sourceTree = "<group>"; };
		4E492F3C2605D4DE003AA9B6 /* Base */ = {isa = PBXFileReference; lastKnownFileType = file.storyboard; name = Base; path = Base.lproj/LaunchScreen.storyboard; sourceTree = "<group>"; };
		4E492F3E2605D4DE003AA9B6 /* Info.plist */ = {isa = PBXFileReference; lastKnownFileType = text.plist.xml; path = Info.plist; sourceTree = "<group>"; };
		4E492F3F2605D4DE003AA9B6 /* main.m */ = {isa = PBXFileReference; lastKnownFileType = sourcecode.c.objc; path = main.m; sourceTree = "<group>"; };
		4E492F472605D58F003AA9B6 /* AppDelegate.mm */ = {isa = PBXFileReference; fileEncoding = 4; lastKnownFileType = sourcecode.cpp.objcpp; path = AppDelegate.mm; sourceTree = "<group>"; };
		4E492F482605D58F003AA9B6 /* Benchmark.cpp */ = {isa = PBXFileReference; fileEncoding = 4; lastKnownFileType = sourcecode.cpp.cpp; path = Benchmark.cpp; sourceTree = "<group>"; };
		4E492F492605D58F003AA9B6 /* Benchmark.hpp */ = {isa = PBXFileReference; fileEncoding = 4; lastKnownFileType = sourcecode.cpp.h; path = Benchmark.hpp; sourceTree = "<group>"; };
/* End PBXFileReference section */

/* Begin PBXFrameworksBuildPhase section */
		4E492F272605D4DC003AA9B6 /* Frameworks */ = {
			isa = PBXFrameworksBuildPhase;
			buildActionMask = 2147483647;
			files = (
				4E3C6FB72764985E00BFE4F8 /* mindspore-lite.framework in Frameworks */,
			);
			runOnlyForDeploymentPostprocessing = 0;
		};
/* End PBXFrameworksBuildPhase section */

/* Begin PBXGroup section */
		4E492F212605D4DC003AA9B6 = {
			isa = PBXGroup;
			children = (
				4E3C6FBA2764989900BFE4F8 /* test_model.ms */,
				4E3C6FB82764989900BFE4F8 /* test_model.ms.bin */,
				4E3C6FB92764989900BFE4F8 /* test_model.ms.out */,
				4E492F2C2605D4DC003AA9B6 /* mindspore-lite */,
				4E492F2B2605D4DC003AA9B6 /* Products */,
			);
			sourceTree = "<group>";
		};
		4E492F2B2605D4DC003AA9B6 /* Products */ = {
			isa = PBXGroup;
			children = (
				4E492F2A2605D4DC003AA9B6 /* mindspore-lite.app */,
			);
			name = Products;
			sourceTree = "<group>";
		};
		4E492F2C2605D4DC003AA9B6 /* mindspore-lite */ = {
			isa = PBXGroup;
			children = (
				4E3C6FB62764985E00BFE4F8 /* mindspore-lite.framework */,
				4E492F472605D58F003AA9B6 /* AppDelegate.mm */,
				4E492F482605D58F003AA9B6 /* Benchmark.cpp */,
				4E492F492605D58F003AA9B6 /* Benchmark.hpp */,
				4E492F2D2605D4DC003AA9B6 /* AppDelegate.h */,
				4E492F302605D4DC003AA9B6 /* SceneDelegate.h */,
				4E492F312605D4DC003AA9B6 /* SceneDelegate.m */,
				4E492F332605D4DC003AA9B6 /* ViewController.h */,
				4E492F342605D4DC003AA9B6 /* ViewController.m */,
				4E492F362605D4DC003AA9B6 /* Main.storyboard */,
				4E492F392605D4DE003AA9B6 /* Assets.xcassets */,
				4E492F3B2605D4DE003AA9B6 /* LaunchScreen.storyboard */,
				4E492F3E2605D4DE003AA9B6 /* Info.plist */,
				4E492F3F2605D4DE003AA9B6 /* main.m */,
			);
			path = "mindspore-lite";
			sourceTree = "<group>";
		};
/* End PBXGroup section */

/* Begin PBXNativeTarget section */
		4E492F292605D4DC003AA9B6 /* mindspore-lite */ = {
			isa = PBXNativeTarget;
			buildConfigurationList = 4E492F432605D4DE003AA9B6 /* Build configuration list for PBXNativeTarget "mindspore-lite" */;
			buildPhases = (
				4E492F262605D4DC003AA9B6 /* Sources */,
				4E492F272605D4DC003AA9B6 /* Frameworks */,
				4E492F282605D4DC003AA9B6 /* Resources */,
			);
			buildRules = (
				4ED51573262D21EA00CC8DA0 /* PBXBuildRule */,
			);
			dependencies = (
			);
			name = "mindspore-lite";
			productName = "mindspore-lite";
			productReference = 4E492F2A2605D4DC003AA9B6 /* mindspore-lite.app */;
			productType = "com.apple.product-type.application";
		};
/* End PBXNativeTarget section */

/* Begin PBXProject section */
		4E492F222605D4DC003AA9B6 /* Project object */ = {
			isa = PBXProject;
			attributes = {
				LastUpgradeCheck = 1140;
				ORGANIZATIONNAME = mindspore;
				TargetAttributes = {
					4E492F292605D4DC003AA9B6 = {
						CreatedOnToolsVersion = 11.4.1;
					};
				};
			};
			buildConfigurationList = 4E492F252605D4DC003AA9B6 /* Build configuration list for PBXProject "mindspore-lite" */;
			compatibilityVersion = "Xcode 9.3";
			developmentRegion = en;
			hasScannedForEncodings = 0;
			knownRegions = (
				en,
				Base,
			);
			mainGroup = 4E492F212605D4DC003AA9B6;
			productRefGroup = 4E492F2B2605D4DC003AA9B6 /* Products */;
			projectDirPath = "";
			projectRoot = "";
			targets = (
				4E492F292605D4DC003AA9B6 /* mindspore-lite */,
			);
		};
/* End PBXProject section */

/* Begin PBXResourcesBuildPhase section */
		4E492F282605D4DC003AA9B6 /* Resources */ = {
			isa = PBXResourcesBuildPhase;
			buildActionMask = 2147483647;
			files = (
				4E492F3D2605D4DE003AA9B6 /* LaunchScreen.storyboard in Resources */,
				4E492F3A2605D4DE003AA9B6 /* Assets.xcassets in Resources */,
				4E3C6FBB2764989900BFE4F8 /* test_model.ms.bin in Resources */,
				4E3C6FBC2764989900BFE4F8 /* test_model.ms.out in Resources */,
				4E492F382605D4DC003AA9B6 /* Main.storyboard in Resources */,
				4E3C6FBD2764989900BFE4F8 /* test_model.ms in Resources */,
			);
			runOnlyForDeploymentPostprocessing = 0;
		};
/* End PBXResourcesBuildPhase section */

/* Begin PBXSourcesBuildPhase section */
		4E492F262605D4DC003AA9B6 /* Sources */ = {
			isa = PBXSourcesBuildPhase;
			buildActionMask = 2147483647;
			files = (
				4E492F352605D4DC003AA9B6 /* ViewController.m in Sources */,
				4E492F402605D4DE003AA9B6 /* main.m in Sources */,
				4E492F4B2605D58F003AA9B6 /* AppDelegate.mm in Sources */,
				4E492F322605D4DC003AA9B6 /* SceneDelegate.m in Sources */,
				4E8D9A972612F60B00C7FBC1 /* Benchmark.cpp in Sources */,
			);
			runOnlyForDeploymentPostprocessing = 0;
		};
/* End PBXSourcesBuildPhase section */

/* Begin PBXVariantGroup section */
		4E492F362605D4DC003AA9B6 /* Main.storyboard */ = {
			isa = PBXVariantGroup;
			children = (
				4E492F372605D4DC003AA9B6 /* Base */,
			);
			name = Main.storyboard;
			sourceTree = "<group>";
		};
		4E492F3B2605D4DE003AA9B6 /* LaunchScreen.storyboard */ = {
			isa = PBXVariantGroup;
			children = (
				4E492F3C2605D4DE003AA9B6 /* Base */,
			);
			name = LaunchScreen.storyboard;
			sourceTree = "<group>";
		};
/* End PBXVariantGroup section */

/* Begin XCBuildConfiguration section */
		4E492F412605D4DE003AA9B6 /* Debug */ = {
			isa = XCBuildConfiguration;
			buildSettings = {
				ALWAYS_SEARCH_USER_PATHS = NO;
				CLANG_ANALYZER_NONNULL = YES;
				CLANG_ANALYZER_NUMBER_OBJECT_CONVERSION = YES_AGGRESSIVE;
				CLANG_CXX_LANGUAGE_STANDARD = "gnu++14";
				CLANG_CXX_LIBRARY = "libc++";
				CLANG_ENABLE_CPP_STATIC_DESTRUCTORS = NO;
				CLANG_ENABLE_MODULES = YES;
				CLANG_ENABLE_OBJC_ARC = YES;
				CLANG_ENABLE_OBJC_WEAK = YES;
				CLANG_WARN_BLOCK_CAPTURE_AUTORELEASING = YES;
				CLANG_WARN_BOOL_CONVERSION = YES;
				CLANG_WARN_COMMA = YES;
				CLANG_WARN_CONSTANT_CONVERSION = YES;
				CLANG_WARN_DEPRECATED_OBJC_IMPLEMENTATIONS = YES;
				CLANG_WARN_DIRECT_OBJC_ISA_USAGE = YES_ERROR;
				CLANG_WARN_DOCUMENTATION_COMMENTS = YES;
				CLANG_WARN_EMPTY_BODY = YES;
				CLANG_WARN_ENUM_CONVERSION = YES;
				CLANG_WARN_INFINITE_RECURSION = YES;
				CLANG_WARN_INT_CONVERSION = YES;
				CLANG_WARN_NON_LITERAL_NULL_CONVERSION = YES;
				CLANG_WARN_OBJC_IMPLICIT_RETAIN_SELF = YES;
				CLANG_WARN_OBJC_LITERAL_CONVERSION = YES;
				CLANG_WARN_OBJC_ROOT_CLASS = YES_ERROR;
				CLANG_WARN_RANGE_LOOP_ANALYSIS = YES;
				CLANG_WARN_STRICT_PROTOTYPES = YES;
				CLANG_WARN_SUSPICIOUS_MOVE = YES;
				CLANG_WARN_UNGUARDED_AVAILABILITY = YES_AGGRESSIVE;
				CLANG_WARN_UNREACHABLE_CODE = YES;
				CLANG_WARN__DUPLICATE_METHOD_MATCH = YES;
				COPY_PHASE_STRIP = NO;
				DEBUG_INFORMATION_FORMAT = dwarf;
				ENABLE_STRICT_OBJC_MSGSEND = YES;
				ENABLE_TESTABILITY = YES;
				GCC_C_LANGUAGE_STANDARD = gnu11;
				GCC_DYNAMIC_NO_PIC = NO;
				GCC_INLINES_ARE_PRIVATE_EXTERN = YES;
				GCC_NO_COMMON_BLOCKS = YES;
				GCC_OPTIMIZATION_LEVEL = 0;
				GCC_PREPROCESSOR_DEFINITIONS = (
					"DEBUG=1",
					"$(inherited)",
				);
				GCC_SYMBOLS_PRIVATE_EXTERN = YES;
				GCC_WARN_64_TO_32_BIT_CONVERSION = YES;
				GCC_WARN_ABOUT_RETURN_TYPE = YES_ERROR;
				GCC_WARN_UNDECLARED_SELECTOR = YES;
				GCC_WARN_UNINITIALIZED_AUTOS = YES_AGGRESSIVE;
				GCC_WARN_UNUSED_FUNCTION = YES;
				GCC_WARN_UNUSED_VARIABLE = YES;
				IPHONEOS_DEPLOYMENT_TARGET = 13.4;
				MTL_ENABLE_DEBUG_INFO = INCLUDE_SOURCE;
				MTL_FAST_MATH = YES;
				ONLY_ACTIVE_ARCH = YES;
				SDKROOT = iphoneos;
				VALID_ARCHS = "arm64 arm64e armv7 armv7s x86_64";
			};
			name = Debug;
		};
		4E492F422605D4DE003AA9B6 /* Release */ = {
			isa = XCBuildConfiguration;
			buildSettings = {
				ALWAYS_SEARCH_USER_PATHS = NO;
				CLANG_ANALYZER_NONNULL = YES;
				CLANG_ANALYZER_NUMBER_OBJECT_CONVERSION = YES_AGGRESSIVE;
				CLANG_CXX_LANGUAGE_STANDARD = "gnu++14";
				CLANG_CXX_LIBRARY = "libc++";
				CLANG_ENABLE_CPP_STATIC_DESTRUCTORS = NO;
				CLANG_ENABLE_MODULES = YES;
				CLANG_ENABLE_OBJC_ARC = YES;
				CLANG_ENABLE_OBJC_WEAK = YES;
				CLANG_WARN_BLOCK_CAPTURE_AUTORELEASING = YES;
				CLANG_WARN_BOOL_CONVERSION = YES;
				CLANG_WARN_COMMA = YES;
				CLANG_WARN_CONSTANT_CONVERSION = YES;
				CLANG_WARN_DEPRECATED_OBJC_IMPLEMENTATIONS = YES;
				CLANG_WARN_DIRECT_OBJC_ISA_USAGE = YES_ERROR;
				CLANG_WARN_DOCUMENTATION_COMMENTS = YES;
				CLANG_WARN_EMPTY_BODY = YES;
				CLANG_WARN_ENUM_CONVERSION = YES;
				CLANG_WARN_INFINITE_RECURSION = YES;
				CLANG_WARN_INT_CONVERSION = YES;
				CLANG_WARN_NON_LITERAL_NULL_CONVERSION = YES;
				CLANG_WARN_OBJC_IMPLICIT_RETAIN_SELF = YES;
				CLANG_WARN_OBJC_LITERAL_CONVERSION = YES;
				CLANG_WARN_OBJC_ROOT_CLASS = YES_ERROR;
				CLANG_WARN_RANGE_LOOP_ANALYSIS = YES;
				CLANG_WARN_STRICT_PROTOTYPES = YES;
				CLANG_WARN_SUSPICIOUS_MOVE = YES;
				CLANG_WARN_UNGUARDED_AVAILABILITY = YES_AGGRESSIVE;
				CLANG_WARN_UNREACHABLE_CODE = YES;
				CLANG_WARN__DUPLICATE_METHOD_MATCH = YES;
				COPY_PHASE_STRIP = NO;
				DEBUG_INFORMATION_FORMAT = "dwarf-with-dsym";
				ENABLE_NS_ASSERTIONS = NO;
				ENABLE_STRICT_OBJC_MSGSEND = YES;
				GCC_C_LANGUAGE_STANDARD = gnu11;
				GCC_INLINES_ARE_PRIVATE_EXTERN = YES;
				GCC_NO_COMMON_BLOCKS = YES;
				GCC_SYMBOLS_PRIVATE_EXTERN = YES;
				GCC_WARN_64_TO_32_BIT_CONVERSION = YES;
				GCC_WARN_ABOUT_RETURN_TYPE = YES_ERROR;
				GCC_WARN_UNDECLARED_SELECTOR = YES;
				GCC_WARN_UNINITIALIZED_AUTOS = YES_AGGRESSIVE;
				GCC_WARN_UNUSED_FUNCTION = YES;
				GCC_WARN_UNUSED_VARIABLE = YES;
				IPHONEOS_DEPLOYMENT_TARGET = 13.4;
				MTL_ENABLE_DEBUG_INFO = NO;
				MTL_FAST_MATH = YES;
				SDKROOT = iphoneos;
				VALIDATE_PRODUCT = YES;
				VALID_ARCHS = "arm64 arm64e armv7 armv7s x86_64";
			};
			name = Release;
		};
		4E492F442605D4DE003AA9B6 /* Debug */ = {
			isa = XCBuildConfiguration;
			buildSettings = {
				ARCHS = "$(ARCHS_STANDARD)";
				ASSETCATALOG_COMPILER_APPICON_NAME = AppIcon;
				CLANG_ENABLE_CPP_STATIC_DESTRUCTORS = NO;
				CODE_SIGN_STYLE = Automatic;
				COPY_PHASE_STRIP = YES;
				DEVELOPMENT_TEAM = B6BQP4K5VM;
				ENABLE_BITCODE = NO;
				FRAMEWORK_SEARCH_PATHS = (
					"$(inherited)",
					"$(PROJECT_DIR)/mindspore-lite",
				);
				FRAMEWORK_VERSION = C;
				GCC_INCREASE_PRECOMPILED_HEADER_SHARING = NO;
				INFOPLIST_EXPAND_BUILD_SETTINGS = YES;
				INFOPLIST_FILE = "mindspore-lite/Info.plist";
				IPHONEOS_DEPLOYMENT_TARGET = 9.0;
				LD_RUNPATH_SEARCH_PATHS = (
					"$(inherited)",
					"@executable_path/Frameworks",
				);
				ONLY_ACTIVE_ARCH = NO;
				OTHER_LDFLAGS = "-all_load";
				PRODUCT_BUNDLE_IDENTIFIER = "mindspore.mindspore-lite";
				PRODUCT_NAME = "$(TARGET_NAME)";
				SCAN_ALL_SOURCE_FILES_FOR_INCLUDES = NO;
				SUPPORTED_PLATFORMS = "iphonesimulator iphoneos";
				SYSTEM_HEADER_SEARCH_PATHS = "$(PROJECT_DIR)/mindspore-lite/mindspore-lite.framework/Headers";
				TARGETED_DEVICE_FAMILY = "1,2";
				USER_HEADER_SEARCH_PATHS = "$(PROJECT_DIR)/mindspore-lite/mindspore-lite.framework/Headers";
				VALIDATE_PRODUCT = YES;
				VALID_ARCHS = arm64;
			};
			name = Debug;
		};
		4E492F452605D4DE003AA9B6 /* Release */ = {
			isa = XCBuildConfiguration;
			buildSettings = {
				ARCHS = "$(ARCHS_STANDARD)";
				ASSETCATALOG_COMPILER_APPICON_NAME = AppIcon;
				CLANG_ENABLE_CPP_STATIC_DESTRUCTORS = NO;
				CODE_SIGN_STYLE = Automatic;
				COPY_PHASE_STRIP = YES;
				DEVELOPMENT_TEAM = B6BQP4K5VM;
				ENABLE_BITCODE = NO;
				FRAMEWORK_SEARCH_PATHS = (
					"$(inherited)",
					"$(PROJECT_DIR)/mindspore-lite",
				);
				FRAMEWORK_VERSION = C;
				GCC_INCREASE_PRECOMPILED_HEADER_SHARING = NO;
				INFOPLIST_EXPAND_BUILD_SETTINGS = YES;
				INFOPLIST_FILE = "mindspore-lite/Info.plist";
				IPHONEOS_DEPLOYMENT_TARGET = 9.0;
				LD_RUNPATH_SEARCH_PATHS = (
					"$(inherited)",
					"@executable_path/Frameworks",
				);
				ONLY_ACTIVE_ARCH = NO;
				OTHER_LDFLAGS = "-all_load";
				PRODUCT_BUNDLE_IDENTIFIER = "mindspore.mindspore-lite";
				PRODUCT_NAME = "$(TARGET_NAME)";
				SCAN_ALL_SOURCE_FILES_FOR_INCLUDES = NO;
				SUPPORTED_PLATFORMS = "iphonesimulator iphoneos";
				SYSTEM_HEADER_SEARCH_PATHS = "$(PROJECT_DIR)/mindspore-lite/mindspore-lite.framework/Headers";
				TARGETED_DEVICE_FAMILY = "1,2";
				USER_HEADER_SEARCH_PATHS = "$(PROJECT_DIR)/mindspore-lite/mindspore-lite.framework/Headers";
				VALIDATE_PRODUCT = YES;
				VALID_ARCHS = arm64;
			};
			name = Release;
		};
/* End XCBuildConfiguration section */

/* Begin XCConfigurationList section */
		4E492F252605D4DC003AA9B6 /* Build configuration list for PBXProject "mindspore-lite" */ = {
			isa = XCConfigurationList;
			buildConfigurations = (
				4E492F412605D4DE003AA9B6 /* Debug */,
				4E492F422605D4DE003AA9B6 /* Release */,
			);
			defaultConfigurationIsVisible = 0;
			defaultConfigurationName = Release;
		};
		4E492F432605D4DE003AA9B6 /* Build configuration list for PBXNativeTarget "mindspore-lite" */ = {
			isa = XCConfigurationList;
			buildConfigurations = (
				4E492F442605D4DE003AA9B6 /* Debug */,
				4E492F452605D4DE003AA9B6 /* Release */,
			);
			defaultConfigurationIsVisible = 0;
			defaultConfigurationName = Release;
		};
/* End XCConfigurationList section */
	};
	rootObject = 4E492F222605D4DC003AA9B6 /* Project object */;
}
